// !$*UTF8*$!
{
	archiveVersion = 1;
	classes = {
	};
	objectVersion = 50;
	objects = {

/* Begin PBXBuildFile section */
		1BFE7DBE266F5C89008D61DA /* AppDelegate.swift in Sources */ = {isa = PBXBuildFile; fileRef = 1BFE7DBD266F5C89008D61DA /* AppDelegate.swift */; };
		1BFE7DC0266F5C89008D61DA /* SceneDelegate.swift in Sources */ = {isa = PBXBuildFile; fileRef = 1BFE7DBF266F5C89008D61DA /* SceneDelegate.swift */; };
		1BFE7DC2266F5C89008D61DA /* ViewController.swift in Sources */ = {isa = PBXBuildFile; fileRef = 1BFE7DC1266F5C89008D61DA /* ViewController.swift */; };
		1BFE7DC5266F5C89008D61DA /* Main.storyboard in Resources */ = {isa = PBXBuildFile; fileRef = 1BFE7DC3266F5C89008D61DA /* Main.storyboard */; };
		1BFE7DC8266F5C89008D61DA /* Graphee.xcdatamodeld in Sources */ = {isa = PBXBuildFile; fileRef = 1BFE7DC6266F5C89008D61DA /* Graphee.xcdatamodeld */; };
		1BFE7DCD266F5C8A008D61DA /* LaunchScreen.storyboard in Resources */ = {isa = PBXBuildFile; fileRef = 1BFE7DCB266F5C8A008D61DA /* LaunchScreen.storyboard */; };
		1BFE7DE9266F684C008D61DA /* Sora-VariableFont_wght.ttf in Resources */ = {isa = PBXBuildFile; fileRef = 1BFE7DE6266F684C008D61DA /* Sora-VariableFont_wght.ttf */; };
		1BFE7DEA266F684C008D61DA /* OFL.txt in Resources */ = {isa = PBXBuildFile; fileRef = 1BFE7DE7266F684C008D61DA /* OFL.txt */; };
		1BFE7DEB266F684C008D61DA /* README.txt in Resources */ = {isa = PBXBuildFile; fileRef = 1BFE7DE8266F684C008D61DA /* README.txt */; };
		1BFE7DF5266F6859008D61DA /* Sora-Thin.ttf in Resources */ = {isa = PBXBuildFile; fileRef = 1BFE7DED266F6859008D61DA /* Sora-Thin.ttf */; };
		1BFE7DF6266F6859008D61DA /* Sora-ExtraBold.ttf in Resources */ = {isa = PBXBuildFile; fileRef = 1BFE7DEE266F6859008D61DA /* Sora-ExtraBold.ttf */; };
		1BFE7DF7266F6859008D61DA /* Sora-Bold.ttf in Resources */ = {isa = PBXBuildFile; fileRef = 1BFE7DEF266F6859008D61DA /* Sora-Bold.ttf */; };
		1BFE7DF8266F6859008D61DA /* Sora-Light.ttf in Resources */ = {isa = PBXBuildFile; fileRef = 1BFE7DF0266F6859008D61DA /* Sora-Light.ttf */; };
		1BFE7DF9266F6859008D61DA /* Sora-Regular.ttf in Resources */ = {isa = PBXBuildFile; fileRef = 1BFE7DF1266F6859008D61DA /* Sora-Regular.ttf */; };
		1BFE7DFA266F6859008D61DA /* Sora-Medium.ttf in Resources */ = {isa = PBXBuildFile; fileRef = 1BFE7DF2266F6859008D61DA /* Sora-Medium.ttf */; };
		1BFE7DFB266F6859008D61DA /* Sora-SemiBold.ttf in Resources */ = {isa = PBXBuildFile; fileRef = 1BFE7DF3266F6859008D61DA /* Sora-SemiBold.ttf */; };
		1BFE7DFC266F6859008D61DA /* Sora-ExtraLight.ttf in Resources */ = {isa = PBXBuildFile; fileRef = 1BFE7DF4266F6859008D61DA /* Sora-ExtraLight.ttf */; };
		1BFE7DFF266F6B6A008D61DA /* FolderTableViewCell.swift in Sources */ = {isa = PBXBuildFile; fileRef = 1BFE7DFD266F6B6A008D61DA /* FolderTableViewCell.swift */; };
		1BFE7E00266F6B6A008D61DA /* FolderTableViewCell.xib in Resources */ = {isa = PBXBuildFile; fileRef = 1BFE7DFE266F6B6A008D61DA /* FolderTableViewCell.xib */; };
		1BFE7E02266F6BD8008D61DA /* BottomBarView.swift in Sources */ = {isa = PBXBuildFile; fileRef = 1BFE7E01266F6BD8008D61DA /* BottomBarView.swift */; };
		1BFE7E0A266F6F90008D61DA /* MainCameraStoryboard.storyboard in Resources */ = {isa = PBXBuildFile; fileRef = 1BFE7E09266F6F90008D61DA /* MainCameraStoryboard.storyboard */; };
		1BFE7E0C266F6F9C008D61DA /* ARCameraStoryboard.storyboard in Resources */ = {isa = PBXBuildFile; fileRef = 1BFE7E0B266F6F9C008D61DA /* ARCameraStoryboard.storyboard */; };
		1BFE7E0F266F6FC6008D61DA /* AlbumFolderStoryboard.storyboard in Resources */ = {isa = PBXBuildFile; fileRef = 1BFE7E0E266F6FC6008D61DA /* AlbumFolderStoryboard.storyboard */; };
		1BFE7E11266F73DD008D61DA /* SingletonSwiftFile.swift in Sources */ = {isa = PBXBuildFile; fileRef = 1BFE7E10266F73DD008D61DA /* SingletonSwiftFile.swift */; };
/* End PBXBuildFile section */

/* Begin PBXFileReference section */
		1BFE7DBA266F5C89008D61DA /* Graphee.app */ = {isa = PBXFileReference; explicitFileType = wrapper.application; includeInIndex = 0; path = Graphee.app; sourceTree = BUILT_PRODUCTS_DIR; };
		1BFE7DBD266F5C89008D61DA /* AppDelegate.swift */ = {isa = PBXFileReference; lastKnownFileType = sourcecode.swift; path = AppDelegate.swift; sourceTree = "<group>"; };
		1BFE7DBF266F5C89008D61DA /* SceneDelegate.swift */ = {isa = PBXFileReference; lastKnownFileType = sourcecode.swift; path = SceneDelegate.swift; sourceTree = "<group>"; };
		1BFE7DC1266F5C89008D61DA /* ViewController.swift */ = {isa = PBXFileReference; lastKnownFileType = sourcecode.swift; path = ViewController.swift; sourceTree = "<group>"; };
		1BFE7DC4266F5C89008D61DA /* Base */ = {isa = PBXFileReference; lastKnownFileType = file.storyboard; name = Base; path = Base.lproj/Main.storyboard; sourceTree = "<group>"; };
		1BFE7DC7266F5C89008D61DA /* Graphee.xcdatamodel */ = {isa = PBXFileReference; lastKnownFileType = wrapper.xcdatamodel; path = Graphee.xcdatamodel; sourceTree = "<group>"; };
		1BFE7DC9266F5C8A008D61DA /* Assets.xcassets */ = {isa = PBXFileReference; lastKnownFileType = folder.assetcatalog; path = Assets.xcassets; sourceTree = "<group>"; };
		1BFE7DCC266F5C8A008D61DA /* Base */ = {isa = PBXFileReference; lastKnownFileType = file.storyboard; name = Base; path = Base.lproj/LaunchScreen.storyboard; sourceTree = "<group>"; };
		1BFE7DCE266F5C8A008D61DA /* Info.plist */ = {isa = PBXFileReference; lastKnownFileType = text.plist.xml; path = Info.plist; sourceTree = "<group>"; };
		1BFE7DE6266F684C008D61DA /* Sora-VariableFont_wght.ttf */ = {isa = PBXFileReference; lastKnownFileType = file; name = "Sora-VariableFont_wght.ttf"; path = "../../../../../../../Downloads/Sora/Sora-VariableFont_wght.ttf"; sourceTree = "<group>"; };
		1BFE7DE7266F684C008D61DA /* OFL.txt */ = {isa = PBXFileReference; fileEncoding = 4; lastKnownFileType = text; name = OFL.txt; path = ../../../../../../../Downloads/Sora/OFL.txt; sourceTree = "<group>"; };
		1BFE7DE8266F684C008D61DA /* README.txt */ = {isa = PBXFileReference; fileEncoding = 4; lastKnownFileType = text; name = README.txt; path = ../../../../../../../Downloads/Sora/README.txt; sourceTree = "<group>"; };
		1BFE7DED266F6859008D61DA /* Sora-Thin.ttf */ = {isa = PBXFileReference; lastKnownFileType = file; path = "Sora-Thin.ttf"; sourceTree = "<group>"; };
		1BFE7DEE266F6859008D61DA /* Sora-ExtraBold.ttf */ = {isa = PBXFileReference; lastKnownFileType = file; path = "Sora-ExtraBold.ttf"; sourceTree = "<group>"; };
		1BFE7DEF266F6859008D61DA /* Sora-Bold.ttf */ = {isa = PBXFileReference; lastKnownFileType = file; path = "Sora-Bold.ttf"; sourceTree = "<group>"; };
		1BFE7DF0266F6859008D61DA /* Sora-Light.ttf */ = {isa = PBXFileReference; lastKnownFileType = file; path = "Sora-Light.ttf"; sourceTree = "<group>"; };
		1BFE7DF1266F6859008D61DA /* Sora-Regular.ttf */ = {isa = PBXFileReference; lastKnownFileType = file; path = "Sora-Regular.ttf"; sourceTree = "<group>"; };
		1BFE7DF2266F6859008D61DA /* Sora-Medium.ttf */ = {isa = PBXFileReference; lastKnownFileType = file; path = "Sora-Medium.ttf"; sourceTree = "<group>"; };
		1BFE7DF3266F6859008D61DA /* Sora-SemiBold.ttf */ = {isa = PBXFileReference; lastKnownFileType = file; path = "Sora-SemiBold.ttf"; sourceTree = "<group>"; };
		1BFE7DF4266F6859008D61DA /* Sora-ExtraLight.ttf */ = {isa = PBXFileReference; lastKnownFileType = file; path = "Sora-ExtraLight.ttf"; sourceTree = "<group>"; };
		1BFE7DFD266F6B6A008D61DA /* FolderTableViewCell.swift */ = {isa = PBXFileReference; lastKnownFileType = sourcecode.swift; path = FolderTableViewCell.swift; sourceTree = "<group>"; };
		1BFE7DFE266F6B6A008D61DA /* FolderTableViewCell.xib */ = {isa = PBXFileReference; lastKnownFileType = file.xib; path = FolderTableViewCell.xib; sourceTree = "<group>"; };
		1BFE7E01266F6BD8008D61DA /* BottomBarView.swift */ = {isa = PBXFileReference; lastKnownFileType = sourcecode.swift; path = BottomBarView.swift; sourceTree = "<group>"; };
		1BFE7E09266F6F90008D61DA /* MainCameraStoryboard.storyboard */ = {isa = PBXFileReference; lastKnownFileType = file.storyboard; path = MainCameraStoryboard.storyboard; sourceTree = "<group>"; };
		1BFE7E0B266F6F9C008D61DA /* ARCameraStoryboard.storyboard */ = {isa = PBXFileReference; lastKnownFileType = file.storyboard; path = ARCameraStoryboard.storyboard; sourceTree = "<group>"; };
		1BFE7E0E266F6FC6008D61DA /* AlbumFolderStoryboard.storyboard */ = {isa = PBXFileReference; lastKnownFileType = file.storyboard; path = AlbumFolderStoryboard.storyboard; sourceTree = "<group>"; };
		1BFE7E10266F73DD008D61DA /* SingletonSwiftFile.swift */ = {isa = PBXFileReference; lastKnownFileType = sourcecode.swift; path = SingletonSwiftFile.swift; sourceTree = "<group>"; };
/* End PBXFileReference section */

/* Begin PBXFrameworksBuildPhase section */
		1BFE7DB7266F5C89008D61DA /* Frameworks */ = {
			isa = PBXFrameworksBuildPhase;
			buildActionMask = 2147483647;
			files = (
			);
			runOnlyForDeploymentPostprocessing = 0;
		};
/* End PBXFrameworksBuildPhase section */

/* Begin PBXGroup section */
		1BFE7DB1266F5C89008D61DA = {
			isa = PBXGroup;
			children = (
				1BFE7DBC266F5C89008D61DA /* Graphee */,
				1BFE7DBB266F5C89008D61DA /* Products */,
			);
			sourceTree = "<group>";
		};
		1BFE7DBB266F5C89008D61DA /* Products */ = {
			isa = PBXGroup;
			children = (
				1BFE7DBA266F5C89008D61DA /* Graphee.app */,
			);
			name = Products;
			sourceTree = "<group>";
		};
		1BFE7DBC266F5C89008D61DA /* Graphee */ = {
			isa = PBXGroup;
			children = (
				1BFE7DDC266F5ED8008D61DA /* Features */,
				1BFE7DDB266F5E76008D61DA /* Helper */,
				1BFE7DD9266F5E27008D61DA /* Utilities */,
				1BFE7DD4266F5DEF008D61DA /* Themes */,
				1BFE7DBD266F5C89008D61DA /* AppDelegate.swift */,
				1BFE7DBF266F5C89008D61DA /* SceneDelegate.swift */,
				1BFE7DC1266F5C89008D61DA /* ViewController.swift */,
				1BFE7DC3266F5C89008D61DA /* Main.storyboard */,
				1BFE7DC9266F5C8A008D61DA /* Assets.xcassets */,
				1BFE7DCB266F5C8A008D61DA /* LaunchScreen.storyboard */,
				1BFE7DCE266F5C8A008D61DA /* Info.plist */,
			);
			path = Graphee;
			sourceTree = "<group>";
		};
		1BFE7DD4266F5DEF008D61DA /* Themes */ = {
			isa = PBXGroup;
			children = (
				1BFE7DD8266F5E19008D61DA /* UI */,
				1BFE7DD6266F5DFA008D61DA /* Fonts */,
			);
			path = Themes;
			sourceTree = "<group>";
		};
		1BFE7DD6266F5DFA008D61DA /* Fonts */ = {
			isa = PBXGroup;
			children = (
				1BFE7DE5266F6837008D61DA /* Sora */,
			);
			path = Fonts;
			sourceTree = "<group>";
		};
		1BFE7DD8266F5E19008D61DA /* UI */ = {
			isa = PBXGroup;
			children = (
				1BFE7E05266F6C2F008D61DA /* BottomBarView */,
				1BFE7DDE266F66A1008D61DA /* FolderTableViewCell */,
			);
			path = UI;
			sourceTree = "<group>";
		};
		1BFE7DD9266F5E27008D61DA /* Utilities */ = {
			isa = PBXGroup;
			children = (
				1BFE7DDA266F5E34008D61DA /* Core Data */,
			);
			path = Utilities;
			sourceTree = "<group>";
		};
		1BFE7DDA266F5E34008D61DA /* Core Data */ = {
			isa = PBXGroup;
			children = (
				1BFE7DC6266F5C89008D61DA /* Graphee.xcdatamodeld */,
			);
			path = "Core Data";
			sourceTree = "<group>";
		};
		1BFE7DDB266F5E76008D61DA /* Helper */ = {
			isa = PBXGroup;
			children = (
				1BFE7E10266F73DD008D61DA /* SingletonSwiftFile.swift */,
			);
			path = Helper;
			sourceTree = "<group>";
		};
		1BFE7DDC266F5ED8008D61DA /* Features */ = {
			isa = PBXGroup;
			children = (
				1BFE7DE2266F6794008D61DA /* Album & Folder */,
				1BFE7DE1266F66D0008D61DA /* ARCamera */,
				1BFE7DE0266F66C9008D61DA /* MainCamera */,
			);
			path = Features;
			sourceTree = "<group>";
		};
		1BFE7DDE266F66A1008D61DA /* FolderTableViewCell */ = {
			isa = PBXGroup;
			children = (
				1BFE7DFD266F6B6A008D61DA /* FolderTableViewCell.swift */,
				1BFE7DFE266F6B6A008D61DA /* FolderTableViewCell.xib */,
			);
			path = FolderTableViewCell;
			sourceTree = "<group>";
		};
		1BFE7DE0266F66C9008D61DA /* MainCamera */ = {
			isa = PBXGroup;
			children = (
				1BFE7E09266F6F90008D61DA /* MainCameraStoryboard.storyboard */,
			);
			path = MainCamera;
			sourceTree = "<group>";
		};
		1BFE7DE1266F66D0008D61DA /* ARCamera */ = {
			isa = PBXGroup;
			children = (
				1BFE7E0B266F6F9C008D61DA /* ARCameraStoryboard.storyboard */,
			);
			path = ARCamera;
			sourceTree = "<group>";
		};
		1BFE7DE2266F6794008D61DA /* Album & Folder */ = {
			isa = PBXGroup;
			children = (
				1BFE7E0E266F6FC6008D61DA /* AlbumFolderStoryboard.storyboard */,
			);
			path = "Album & Folder";
			sourceTree = "<group>";
		};
		1BFE7DE5266F6837008D61DA /* Sora */ = {
			isa = PBXGroup;
			children = (
				1BFE7DEC266F6859008D61DA /* static */,
				1BFE7DE7266F684C008D61DA /* OFL.txt */,
				1BFE7DE8266F684C008D61DA /* README.txt */,
				1BFE7DE6266F684C008D61DA /* Sora-VariableFont_wght.ttf */,
			);
			path = Sora;
			sourceTree = "<group>";
		};
		1BFE7DEC266F6859008D61DA /* static */ = {
			isa = PBXGroup;
			children = (
				1BFE7DED266F6859008D61DA /* Sora-Thin.ttf */,
				1BFE7DEE266F6859008D61DA /* Sora-ExtraBold.ttf */,
				1BFE7DEF266F6859008D61DA /* Sora-Bold.ttf */,
				1BFE7DF0266F6859008D61DA /* Sora-Light.ttf */,
				1BFE7DF1266F6859008D61DA /* Sora-Regular.ttf */,
				1BFE7DF2266F6859008D61DA /* Sora-Medium.ttf */,
				1BFE7DF3266F6859008D61DA /* Sora-SemiBold.ttf */,
				1BFE7DF4266F6859008D61DA /* Sora-ExtraLight.ttf */,
			);
			name = static;
			path = ../../../../../../../Downloads/Sora/static;
			sourceTree = "<group>";
		};
		1BFE7E05266F6C2F008D61DA /* BottomBarView */ = {
			isa = PBXGroup;
			children = (
				1BFE7E01266F6BD8008D61DA /* BottomBarView.swift */,
			);
			path = BottomBarView;
			sourceTree = "<group>";
		};
/* End PBXGroup section */

/* Begin PBXNativeTarget section */
		1BFE7DB9266F5C89008D61DA /* Graphee */ = {
			isa = PBXNativeTarget;
			buildConfigurationList = 1BFE7DD1266F5C8A008D61DA /* Build configuration list for PBXNativeTarget "Graphee" */;
			buildPhases = (
				1BFE7DB6266F5C89008D61DA /* Sources */,
				1BFE7DB7266F5C89008D61DA /* Frameworks */,
				1BFE7DB8266F5C89008D61DA /* Resources */,
			);
			buildRules = (
			);
			dependencies = (
			);
			name = Graphee;
			productName = Graphee;
			productReference = 1BFE7DBA266F5C89008D61DA /* Graphee.app */;
			productType = "com.apple.product-type.application";
		};
/* End PBXNativeTarget section */

/* Begin PBXProject section */
		1BFE7DB2266F5C89008D61DA /* Project object */ = {
			isa = PBXProject;
			attributes = {
				LastSwiftUpdateCheck = 1250;
				LastUpgradeCheck = 1250;
				TargetAttributes = {
					1BFE7DB9266F5C89008D61DA = {
						CreatedOnToolsVersion = 12.5;
					};
				};
			};
			buildConfigurationList = 1BFE7DB5266F5C89008D61DA /* Build configuration list for PBXProject "Graphee" */;
			compatibilityVersion = "Xcode 9.3";
			developmentRegion = en;
			hasScannedForEncodings = 0;
			knownRegions = (
				en,
				Base,
			);
			mainGroup = 1BFE7DB1266F5C89008D61DA;
			productRefGroup = 1BFE7DBB266F5C89008D61DA /* Products */;
			projectDirPath = "";
			projectRoot = "";
			targets = (
				1BFE7DB9266F5C89008D61DA /* Graphee */,
			);
		};
/* End PBXProject section */

/* Begin PBXResourcesBuildPhase section */
		1BFE7DB8266F5C89008D61DA /* Resources */ = {
			isa = PBXResourcesBuildPhase;
			buildActionMask = 2147483647;
			files = (
				1BFE7DFB266F6859008D61DA /* Sora-SemiBold.ttf in Resources */,
				1BFE7DEA266F684C008D61DA /* OFL.txt in Resources */,
				1BFE7DCD266F5C8A008D61DA /* LaunchScreen.storyboard in Resources */,
				1BFE7DF8266F6859008D61DA /* Sora-Light.ttf in Resources */,
				1BFE7DF5266F6859008D61DA /* Sora-Thin.ttf in Resources */,
				1BFE7DFC266F6859008D61DA /* Sora-ExtraLight.ttf in Resources */,
				1BFE7E00266F6B6A008D61DA /* FolderTableViewCell.xib in Resources */,
				1BFE7DF7266F6859008D61DA /* Sora-Bold.ttf in Resources */,
				1BFE7DFA266F6859008D61DA /* Sora-Medium.ttf in Resources */,
				1BFE7E0C266F6F9C008D61DA /* ARCameraStoryboard.storyboard in Resources */,
				1BFE7DE9266F684C008D61DA /* Sora-VariableFont_wght.ttf in Resources */,
				1BFE7DF6266F6859008D61DA /* Sora-ExtraBold.ttf in Resources */,
				1BFE7DF9266F6859008D61DA /* Sora-Regular.ttf in Resources */,
				1BFE7DEB266F684C008D61DA /* README.txt in Resources */,
				1BFE7DC5266F5C89008D61DA /* Main.storyboard in Resources */,
				1BFE7E0F266F6FC6008D61DA /* AlbumFolderStoryboard.storyboard in Resources */,
				1BFE7E0A266F6F90008D61DA /* MainCameraStoryboard.storyboard in Resources */,
			);
			runOnlyForDeploymentPostprocessing = 0;
		};
/* End PBXResourcesBuildPhase section */

/* Begin PBXSourcesBuildPhase section */
		1BFE7DB6266F5C89008D61DA /* Sources */ = {
			isa = PBXSourcesBuildPhase;
			buildActionMask = 2147483647;
			files = (
				1BFE7E11266F73DD008D61DA /* SingletonSwiftFile.swift in Sources */,
				1BFE7DC8266F5C89008D61DA /* Graphee.xcdatamodeld in Sources */,
				1BFE7DFF266F6B6A008D61DA /* FolderTableViewCell.swift in Sources */,
				1BFE7DC2266F5C89008D61DA /* ViewController.swift in Sources */,
				1BFE7E02266F6BD8008D61DA /* BottomBarView.swift in Sources */,
				1BFE7DBE266F5C89008D61DA /* AppDelegate.swift in Sources */,
				1BFE7DC0266F5C89008D61DA /* SceneDelegate.swift in Sources */,
			);
			runOnlyForDeploymentPostprocessing = 0;
		};
/* End PBXSourcesBuildPhase section */

/* Begin PBXVariantGroup section */
		1BFE7DC3266F5C89008D61DA /* Main.storyboard */ = {
			isa = PBXVariantGroup;
			children = (
				1BFE7DC4266F5C89008D61DA /* Base */,
			);
			name = Main.storyboard;
			sourceTree = "<group>";
		};
		1BFE7DCB266F5C8A008D61DA /* LaunchScreen.storyboard */ = {
			isa = PBXVariantGroup;
			children = (
				1BFE7DCC266F5C8A008D61DA /* Base */,
			);
			name = LaunchScreen.storyboard;
			sourceTree = "<group>";
		};
/* End PBXVariantGroup section */

/* Begin XCBuildConfiguration section */
		1BFE7DCF266F5C8A008D61DA /* Debug */ = {
			isa = XCBuildConfiguration;
			buildSettings = {
				ALWAYS_SEARCH_USER_PATHS = NO;
				CLANG_ANALYZER_NONNULL = YES;
				CLANG_ANALYZER_NUMBER_OBJECT_CONVERSION = YES_AGGRESSIVE;
				CLANG_CXX_LANGUAGE_STANDARD = "gnu++14";
				CLANG_CXX_LIBRARY = "libc++";
				CLANG_ENABLE_MODULES = YES;
				CLANG_ENABLE_OBJC_ARC = YES;
				CLANG_ENABLE_OBJC_WEAK = YES;
				CLANG_WARN_BLOCK_CAPTURE_AUTORELEASING = YES;
				CLANG_WARN_BOOL_CONVERSION = YES;
				CLANG_WARN_COMMA = YES;
				CLANG_WARN_CONSTANT_CONVERSION = YES;
				CLANG_WARN_DEPRECATED_OBJC_IMPLEMENTATIONS = YES;
				CLANG_WARN_DIRECT_OBJC_ISA_USAGE = YES_ERROR;
				CLANG_WARN_DOCUMENTATION_COMMENTS = YES;
				CLANG_WARN_EMPTY_BODY = YES;
				CLANG_WARN_ENUM_CONVERSION = YES;
				CLANG_WARN_INFINITE_RECURSION = YES;
				CLANG_WARN_INT_CONVERSION = YES;
				CLANG_WARN_NON_LITERAL_NULL_CONVERSION = YES;
				CLANG_WARN_OBJC_IMPLICIT_RETAIN_SELF = YES;
				CLANG_WARN_OBJC_LITERAL_CONVERSION = YES;
				CLANG_WARN_OBJC_ROOT_CLASS = YES_ERROR;
				CLANG_WARN_QUOTED_INCLUDE_IN_FRAMEWORK_HEADER = YES;
				CLANG_WARN_RANGE_LOOP_ANALYSIS = YES;
				CLANG_WARN_STRICT_PROTOTYPES = YES;
				CLANG_WARN_SUSPICIOUS_MOVE = YES;
				CLANG_WARN_UNGUARDED_AVAILABILITY = YES_AGGRESSIVE;
				CLANG_WARN_UNREACHABLE_CODE = YES;
				CLANG_WARN__DUPLICATE_METHOD_MATCH = YES;
				COPY_PHASE_STRIP = NO;
				DEBUG_INFORMATION_FORMAT = dwarf;
				ENABLE_STRICT_OBJC_MSGSEND = YES;
				ENABLE_TESTABILITY = YES;
				GCC_C_LANGUAGE_STANDARD = gnu11;
				GCC_DYNAMIC_NO_PIC = NO;
				GCC_NO_COMMON_BLOCKS = YES;
				GCC_OPTIMIZATION_LEVEL = 0;
				GCC_PREPROCESSOR_DEFINITIONS = (
					"DEBUG=1",
					"$(inherited)",
				);
				GCC_WARN_64_TO_32_BIT_CONVERSION = YES;
				GCC_WARN_ABOUT_RETURN_TYPE = YES_ERROR;
				GCC_WARN_UNDECLARED_SELECTOR = YES;
				GCC_WARN_UNINITIALIZED_AUTOS = YES_AGGRESSIVE;
				GCC_WARN_UNUSED_FUNCTION = YES;
				GCC_WARN_UNUSED_VARIABLE = YES;
				IPHONEOS_DEPLOYMENT_TARGET = 14.5;
				MTL_ENABLE_DEBUG_INFO = INCLUDE_SOURCE;
				MTL_FAST_MATH = YES;
				ONLY_ACTIVE_ARCH = YES;
				SDKROOT = iphoneos;
				SWIFT_ACTIVE_COMPILATION_CONDITIONS = DEBUG;
				SWIFT_OPTIMIZATION_LEVEL = "-Onone";
			};
			name = Debug;
		};
		1BFE7DD0266F5C8A008D61DA /* Release */ = {
			isa = XCBuildConfiguration;
			buildSettings = {
				ALWAYS_SEARCH_USER_PATHS = NO;
				CLANG_ANALYZER_NONNULL = YES;
				CLANG_ANALYZER_NUMBER_OBJECT_CONVERSION = YES_AGGRESSIVE;
				CLANG_CXX_LANGUAGE_STANDARD = "gnu++14";
				CLANG_CXX_LIBRARY = "libc++";
				CLANG_ENABLE_MODULES = YES;
				CLANG_ENABLE_OBJC_ARC = YES;
				CLANG_ENABLE_OBJC_WEAK = YES;
				CLANG_WARN_BLOCK_CAPTURE_AUTORELEASING = YES;
				CLANG_WARN_BOOL_CONVERSION = YES;
				CLANG_WARN_COMMA = YES;
				CLANG_WARN_CONSTANT_CONVERSION = YES;
				CLANG_WARN_DEPRECATED_OBJC_IMPLEMENTATIONS = YES;
				CLANG_WARN_DIRECT_OBJC_ISA_USAGE = YES_ERROR;
				CLANG_WARN_DOCUMENTATION_COMMENTS = YES;
				CLANG_WARN_EMPTY_BODY = YES;
				CLANG_WARN_ENUM_CONVERSION = YES;
				CLANG_WARN_INFINITE_RECURSION = YES;
				CLANG_WARN_INT_CONVERSION = YES;
				CLANG_WARN_NON_LITERAL_NULL_CONVERSION = YES;
				CLANG_WARN_OBJC_IMPLICIT_RETAIN_SELF = YES;
				CLANG_WARN_OBJC_LITERAL_CONVERSION = YES;
				CLANG_WARN_OBJC_ROOT_CLASS = YES_ERROR;
				CLANG_WARN_QUOTED_INCLUDE_IN_FRAMEWORK_HEADER = YES;
				CLANG_WARN_RANGE_LOOP_ANALYSIS = YES;
				CLANG_WARN_STRICT_PROTOTYPES = YES;
				CLANG_WARN_SUSPICIOUS_MOVE = YES;
				CLANG_WARN_UNGUARDED_AVAILABILITY = YES_AGGRESSIVE;
				CLANG_WARN_UNREACHABLE_CODE = YES;
				CLANG_WARN__DUPLICATE_METHOD_MATCH = YES;
				COPY_PHASE_STRIP = NO;
				DEBUG_INFORMATION_FORMAT = "dwarf-with-dsym";
				ENABLE_NS_ASSERTIONS = NO;
				ENABLE_STRICT_OBJC_MSGSEND = YES;
				GCC_C_LANGUAGE_STANDARD = gnu11;
				GCC_NO_COMMON_BLOCKS = YES;
				GCC_WARN_64_TO_32_BIT_CONVERSION = YES;
				GCC_WARN_ABOUT_RETURN_TYPE = YES_ERROR;
				GCC_WARN_UNDECLARED_SELECTOR = YES;
				GCC_WARN_UNINITIALIZED_AUTOS = YES_AGGRESSIVE;
				GCC_WARN_UNUSED_FUNCTION = YES;
				GCC_WARN_UNUSED_VARIABLE = YES;
				IPHONEOS_DEPLOYMENT_TARGET = 14.5;
				MTL_ENABLE_DEBUG_INFO = NO;
				MTL_FAST_MATH = YES;
				SDKROOT = iphoneos;
				SWIFT_COMPILATION_MODE = wholemodule;
				SWIFT_OPTIMIZATION_LEVEL = "-O";
				VALIDATE_PRODUCT = YES;
			};
			name = Release;
		};
		1BFE7DD2266F5C8A008D61DA /* Debug */ = {
			isa = XCBuildConfiguration;
			buildSettings = {
				ASSETCATALOG_COMPILER_APPICON_NAME = AppIcon;
				ASSETCATALOG_COMPILER_GLOBAL_ACCENT_COLOR_NAME = AccentColor;
				CODE_SIGN_STYLE = Automatic;
				INFOPLIST_FILE = Graphee/Info.plist;
				LD_RUNPATH_SEARCH_PATHS = (
					"$(inherited)",
					"@executable_path/Frameworks",
				);
				PRODUCT_BUNDLE_IDENTIFIER = com.asdev.Graphee;
				PRODUCT_NAME = "$(TARGET_NAME)";
				SWIFT_VERSION = 5.0;
				TARGETED_DEVICE_FAMILY = "1,2";
			};
			name = Debug;
		};
		1BFE7DD3266F5C8A008D61DA /* Release */ = {
			isa = XCBuildConfiguration;
			buildSettings = {
				ASSETCATALOG_COMPILER_APPICON_NAME = AppIcon;
				ASSETCATALOG_COMPILER_GLOBAL_ACCENT_COLOR_NAME = AccentColor;
				CODE_SIGN_STYLE = Automatic;
				INFOPLIST_FILE = Graphee/Info.plist;
				LD_RUNPATH_SEARCH_PATHS = (
					"$(inherited)",
					"@executable_path/Frameworks",
				);
				PRODUCT_BUNDLE_IDENTIFIER = com.asdev.Graphee;
				PRODUCT_NAME = "$(TARGET_NAME)";
				SWIFT_VERSION = 5.0;
				TARGETED_DEVICE_FAMILY = "1,2";
			};
			name = Release;
		};
/* End XCBuildConfiguration section */

/* Begin XCConfigurationList section */
		1BFE7DB5266F5C89008D61DA /* Build configuration list for PBXProject "Graphee" */ = {
			isa = XCConfigurationList;
			buildConfigurations = (
				1BFE7DCF266F5C8A008D61DA /* Debug */,
				1BFE7DD0266F5C8A008D61DA /* Release */,
			);
			defaultConfigurationIsVisible = 0;
			defaultConfigurationName = Release;
		};
		1BFE7DD1266F5C8A008D61DA /* Build configuration list for PBXNativeTarget "Graphee" */ = {
			isa = XCConfigurationList;
			buildConfigurations = (
				1BFE7DD2266F5C8A008D61DA /* Debug */,
				1BFE7DD3266F5C8A008D61DA /* Release */,
			);
			defaultConfigurationIsVisible = 0;
			defaultConfigurationName = Release;
		};
/* End XCConfigurationList section */

/* Begin XCVersionGroup section */
		1BFE7DC6266F5C89008D61DA /* Graphee.xcdatamodeld */ = {
			isa = XCVersionGroup;
			children = (
				1BFE7DC7266F5C89008D61DA /* Graphee.xcdatamodel */,
			);
			currentVersion = 1BFE7DC7266F5C89008D61DA /* Graphee.xcdatamodel */;
			path = Graphee.xcdatamodeld;
			sourceTree = "<group>";
			versionGroupType = wrapper.xcdatamodel;
		};
/* End XCVersionGroup section */
	};
	rootObject = 1BFE7DB2266F5C89008D61DA /* Project object */;
}
